PODS:
  - Logan (1.2.10):
    - Logan/mbedtls (= 1.2.10)
  - Logan/mbedtls (1.2.10)

DEPENDENCIES:
  - Logan (~> 1.2.10)

SPEC REPOS:
  https://github.com/CocoaPods/Specs.git:
    - Logan

SPEC CHECKSUMS:
  Logan: 88a7f8103c2ec6b1d505b219c30e9245c755bfc6

PODFILE CHECKSUM: 626b0674e5505b83488526394a83c5038b3b3d0d

COCOAPODS: 1.11.3
